// !$*UTF8*$!
{
	archiveVersion = 1;
	classes = {
	};
	objectVersion = 46;
	objects = {

/* Begin PBXBuildFile section */
		3A7FAFE21CCAA11A008DD221 /* AppDelegate.swift in Sources */ = {isa = PBXBuildFile; fileRef = 3A7FAFE11CCAA11A008DD221 /* AppDelegate.swift */; };
		3A7FAFE41CCAA11A008DD221 /* ViewController.swift in Sources */ = {isa = PBXBuildFile; fileRef = 3A7FAFE31CCAA11A008DD221 /* ViewController.swift */; };
		3A7FAFE71CCAA11A008DD221 /* Main.storyboard in Resources */ = {isa = PBXBuildFile; fileRef = 3A7FAFE51CCAA11A008DD221 /* Main.storyboard */; };
		3A7FAFE91CCAA11A008DD221 /* Assets.xcassets in Resources */ = {isa = PBXBuildFile; fileRef = 3A7FAFE81CCAA11A008DD221 /* Assets.xcassets */; };
		3A7FAFEC1CCAA11A008DD221 /* LaunchScreen.storyboard in Resources */ = {isa = PBXBuildFile; fileRef = 3A7FAFEA1CCAA11A008DD221 /* LaunchScreen.storyboard */; };
		3A7FAFF71CCAA11A008DD221 /* SwiftAudioKitTestTests.swift in Sources */ = {isa = PBXBuildFile; fileRef = 3A7FAFF61CCAA11A008DD221 /* SwiftAudioKitTestTests.swift */; };
		3A7FB0021CCAA11A008DD221 /* SwiftAudioKitTestUITests.swift in Sources */ = {isa = PBXBuildFile; fileRef = 3A7FB0011CCAA11A008DD221 /* SwiftAudioKitTestUITests.swift */; };
		3A7FB0111CCAA36C008DD221 /* AudioKit.framework in Frameworks */ = {isa = PBXBuildFile; fileRef = 3A7FB00F1CCAA1C6008DD221 /* AudioKit.framework */; };
		3A7FB0121CCAA36C008DD221 /* AudioKit.framework in Embed Frameworks */ = {isa = PBXBuildFile; fileRef = 3A7FB00F1CCAA1C6008DD221 /* AudioKit.framework */; settings = {ATTRIBUTES = (CodeSignOnCopy, RemoveHeadersOnCopy, ); }; };
		3A7FB0151CCAA588008DD221 /* a440.caf in Resources */ = {isa = PBXBuildFile; fileRef = 3A7FB0141CCAA588008DD221 /* a440.caf */; };
		3A7FB0181CCAAD98008DD221 /* voice-unrooted-076.caf in Resources */ = {isa = PBXBuildFile; fileRef = 3A7FB0171CCAAD98008DD221 /* voice-unrooted-076.caf */; };
		3A7FB01A1CCACA83008DD221 /* AudioPlayerPool.swift in Sources */ = {isa = PBXBuildFile; fileRef = 3A7FB0191CCACA83008DD221 /* AudioPlayerPool.swift */; };
/* End PBXBuildFile section */

/* Begin PBXContainerItemProxy section */
		3A7FAFF31CCAA11A008DD221 /* PBXContainerItemProxy */ = {
			isa = PBXContainerItemProxy;
			containerPortal = 3A7FAFD61CCAA11A008DD221 /* Project object */;
			proxyType = 1;
			remoteGlobalIDString = 3A7FAFDD1CCAA11A008DD221;
			remoteInfo = SwiftAudioKitTest;
		};
		3A7FAFFE1CCAA11A008DD221 /* PBXContainerItemProxy */ = {
			isa = PBXContainerItemProxy;
			containerPortal = 3A7FAFD61CCAA11A008DD221 /* Project object */;
			proxyType = 1;
			remoteGlobalIDString = 3A7FAFDD1CCAA11A008DD221;
			remoteInfo = SwiftAudioKitTest;
		};
/* End PBXContainerItemProxy section */

/* Begin PBXCopyFilesBuildPhase section */
		3A7FB0131CCAA36C008DD221 /* Embed Frameworks */ = {
			isa = PBXCopyFilesBuildPhase;
			buildActionMask = 2147483647;
			dstPath = "";
			dstSubfolderSpec = 10;
			files = (
				3A7FB0121CCAA36C008DD221 /* AudioKit.framework in Embed Frameworks */,
			);
			name = "Embed Frameworks";
			runOnlyForDeploymentPostprocessing = 0;
		};
/* End PBXCopyFilesBuildPhase section */

/* Begin PBXFileReference section */
		3A7FAFDE1CCAA11A008DD221 /* SwiftAudioKitTest.app */ = {isa = PBXFileReference; explicitFileType = wrapper.application; includeInIndex = 0; path = SwiftAudioKitTest.app; sourceTree = BUILT_PRODUCTS_DIR; };
		3A7FAFE11CCAA11A008DD221 /* AppDelegate.swift */ = {isa = PBXFileReference; lastKnownFileType = sourcecode.swift; path = AppDelegate.swift; sourceTree = "<group>"; };
		3A7FAFE31CCAA11A008DD221 /* ViewController.swift */ = {isa = PBXFileReference; lastKnownFileType = sourcecode.swift; path = ViewController.swift; sourceTree = "<group>"; };
		3A7FAFE61CCAA11A008DD221 /* Base */ = {isa = PBXFileReference; lastKnownFileType = file.storyboard; name = Base; path = Base.lproj/Main.storyboard; sourceTree = "<group>"; };
		3A7FAFE81CCAA11A008DD221 /* Assets.xcassets */ = {isa = PBXFileReference; lastKnownFileType = folder.assetcatalog; path = Assets.xcassets; sourceTree = "<group>"; };
		3A7FAFEB1CCAA11A008DD221 /* Base */ = {isa = PBXFileReference; lastKnownFileType = file.storyboard; name = Base; path = Base.lproj/LaunchScreen.storyboard; sourceTree = "<group>"; };
		3A7FAFED1CCAA11A008DD221 /* Info.plist */ = {isa = PBXFileReference; lastKnownFileType = text.plist.xml; path = Info.plist; sourceTree = "<group>"; };
		3A7FAFF21CCAA11A008DD221 /* SwiftAudioKitTestTests.xctest */ = {isa = PBXFileReference; explicitFileType = wrapper.cfbundle; includeInIndex = 0; path = SwiftAudioKitTestTests.xctest; sourceTree = BUILT_PRODUCTS_DIR; };
		3A7FAFF61CCAA11A008DD221 /* SwiftAudioKitTestTests.swift */ = {isa = PBXFileReference; lastKnownFileType = sourcecode.swift; path = SwiftAudioKitTestTests.swift; sourceTree = "<group>"; };
		3A7FAFF81CCAA11A008DD221 /* Info.plist */ = {isa = PBXFileReference; lastKnownFileType = text.plist.xml; path = Info.plist; sourceTree = "<group>"; };
		3A7FAFFD1CCAA11A008DD221 /* SwiftAudioKitTestUITests.xctest */ = {isa = PBXFileReference; explicitFileType = wrapper.cfbundle; includeInIndex = 0; path = SwiftAudioKitTestUITests.xctest; sourceTree = BUILT_PRODUCTS_DIR; };
		3A7FB0011CCAA11A008DD221 /* SwiftAudioKitTestUITests.swift */ = {isa = PBXFileReference; lastKnownFileType = sourcecode.swift; path = SwiftAudioKitTestUITests.swift; sourceTree = "<group>"; };
		3A7FB0031CCAA11A008DD221 /* Info.plist */ = {isa = PBXFileReference; lastKnownFileType = text.plist.xml; path = Info.plist; sourceTree = "<group>"; };
		3A7FB00F1CCAA1C6008DD221 /* AudioKit.framework */ = {isa = PBXFileReference; lastKnownFileType = wrapper.framework; path = AudioKit.framework; sourceTree = "<group>"; };
		3A7FB0141CCAA588008DD221 /* a440.caf */ = {isa = PBXFileReference; lastKnownFileType = file; path = a440.caf; sourceTree = "<group>"; };
		3A7FB0171CCAAD98008DD221 /* voice-unrooted-076.caf */ = {isa = PBXFileReference; lastKnownFileType = file; path = "voice-unrooted-076.caf"; sourceTree = "<group>"; };
		3A7FB0191CCACA83008DD221 /* AudioPlayerPool.swift */ = {isa = PBXFileReference; fileEncoding = 4; lastKnownFileType = sourcecode.swift; path = AudioPlayerPool.swift; sourceTree = "<group>"; };
/* End PBXFileReference section */

/* Begin PBXFrameworksBuildPhase section */
		3A7FAFDB1CCAA11A008DD221 /* Frameworks */ = {
			isa = PBXFrameworksBuildPhase;
			buildActionMask = 2147483647;
			files = (
				3A7FB0111CCAA36C008DD221 /* AudioKit.framework in Frameworks */,
			);
			runOnlyForDeploymentPostprocessing = 0;
		};
		3A7FAFEF1CCAA11A008DD221 /* Frameworks */ = {
			isa = PBXFrameworksBuildPhase;
			buildActionMask = 2147483647;
			files = (
			);
			runOnlyForDeploymentPostprocessing = 0;
		};
		3A7FAFFA1CCAA11A008DD221 /* Frameworks */ = {
			isa = PBXFrameworksBuildPhase;
			buildActionMask = 2147483647;
			files = (
			);
			runOnlyForDeploymentPostprocessing = 0;
		};
/* End PBXFrameworksBuildPhase section */

/* Begin PBXGroup section */
		3A7FAFD51CCAA11A008DD221 = {
			isa = PBXGroup;
			children = (
				3A7FAFE01CCAA11A008DD221 /* SwiftAudioKitTest */,
				3A7FB0161CCAA596008DD221 /* soundfiles */,
				3A7FAFF51CCAA11A008DD221 /* SwiftAudioKitTestTests */,
				3A7FB0001CCAA11A008DD221 /* SwiftAudioKitTestUITests */,
				3A7FAFDF1CCAA11A008DD221 /* Products */,
				3A7FB00F1CCAA1C6008DD221 /* AudioKit.framework */,
			);
			sourceTree = "<group>";
		};
		3A7FAFDF1CCAA11A008DD221 /* Products */ = {
			isa = PBXGroup;
			children = (
				3A7FAFDE1CCAA11A008DD221 /* SwiftAudioKitTest.app */,
				3A7FAFF21CCAA11A008DD221 /* SwiftAudioKitTestTests.xctest */,
				3A7FAFFD1CCAA11A008DD221 /* SwiftAudioKitTestUITests.xctest */,
			);
			name = Products;
			sourceTree = "<group>";
		};
		3A7FAFE01CCAA11A008DD221 /* SwiftAudioKitTest */ = {
			isa = PBXGroup;
			children = (
				3A7FAFE11CCAA11A008DD221 /* AppDelegate.swift */,
				3A7FAFE31CCAA11A008DD221 /* ViewController.swift */,
				3A7FB0191CCACA83008DD221 /* AudioPlayerPool.swift */,
				3A7FAFE51CCAA11A008DD221 /* Main.storyboard */,
				3A7FAFE81CCAA11A008DD221 /* Assets.xcassets */,
				3A7FAFEA1CCAA11A008DD221 /* LaunchScreen.storyboard */,
				3A7FAFED1CCAA11A008DD221 /* Info.plist */,
			);
			path = SwiftAudioKitTest;
			sourceTree = "<group>";
		};
		3A7FAFF51CCAA11A008DD221 /* SwiftAudioKitTestTests */ = {
			isa = PBXGroup;
			children = (
				3A7FAFF61CCAA11A008DD221 /* SwiftAudioKitTestTests.swift */,
				3A7FAFF81CCAA11A008DD221 /* Info.plist */,
			);
			path = SwiftAudioKitTestTests;
			sourceTree = "<group>";
		};
		3A7FB0001CCAA11A008DD221 /* SwiftAudioKitTestUITests */ = {
			isa = PBXGroup;
			children = (
				3A7FB0011CCAA11A008DD221 /* SwiftAudioKitTestUITests.swift */,
				3A7FB0031CCAA11A008DD221 /* Info.plist */,
			);
			path = SwiftAudioKitTestUITests;
			sourceTree = "<group>";
		};
		3A7FB0161CCAA596008DD221 /* soundfiles */ = {
			isa = PBXGroup;
			children = (
				3A7FB0171CCAAD98008DD221 /* voice-unrooted-076.caf */,
				3A7FB0141CCAA588008DD221 /* a440.caf */,
			);
			name = soundfiles;
			sourceTree = "<group>";
		};
/* End PBXGroup section */

/* Begin PBXNativeTarget section */
		3A7FAFDD1CCAA11A008DD221 /* SwiftAudioKitTest */ = {
			isa = PBXNativeTarget;
			buildConfigurationList = 3A7FB0061CCAA11A008DD221 /* Build configuration list for PBXNativeTarget "SwiftAudioKitTest" */;
			buildPhases = (
				3A7FAFDA1CCAA11A008DD221 /* Sources */,
				3A7FAFDB1CCAA11A008DD221 /* Frameworks */,
				3A7FAFDC1CCAA11A008DD221 /* Resources */,
				3A7FB0131CCAA36C008DD221 /* Embed Frameworks */,
			);
			buildRules = (
			);
			dependencies = (
			);
			name = SwiftAudioKitTest;
			productName = SwiftAudioKitTest;
			productReference = 3A7FAFDE1CCAA11A008DD221 /* SwiftAudioKitTest.app */;
			productType = "com.apple.product-type.application";
		};
		3A7FAFF11CCAA11A008DD221 /* SwiftAudioKitTestTests */ = {
			isa = PBXNativeTarget;
			buildConfigurationList = 3A7FB0091CCAA11A008DD221 /* Build configuration list for PBXNativeTarget "SwiftAudioKitTestTests" */;
			buildPhases = (
				3A7FAFEE1CCAA11A008DD221 /* Sources */,
				3A7FAFEF1CCAA11A008DD221 /* Frameworks */,
				3A7FAFF01CCAA11A008DD221 /* Resources */,
			);
			buildRules = (
			);
			dependencies = (
				3A7FAFF41CCAA11A008DD221 /* PBXTargetDependency */,
			);
			name = SwiftAudioKitTestTests;
			productName = SwiftAudioKitTestTests;
			productReference = 3A7FAFF21CCAA11A008DD221 /* SwiftAudioKitTestTests.xctest */;
			productType = "com.apple.product-type.bundle.unit-test";
		};
		3A7FAFFC1CCAA11A008DD221 /* SwiftAudioKitTestUITests */ = {
			isa = PBXNativeTarget;
			buildConfigurationList = 3A7FB00C1CCAA11A008DD221 /* Build configuration list for PBXNativeTarget "SwiftAudioKitTestUITests" */;
			buildPhases = (
				3A7FAFF91CCAA11A008DD221 /* Sources */,
				3A7FAFFA1CCAA11A008DD221 /* Frameworks */,
				3A7FAFFB1CCAA11A008DD221 /* Resources */,
			);
			buildRules = (
			);
			dependencies = (
				3A7FAFFF1CCAA11A008DD221 /* PBXTargetDependency */,
			);
			name = SwiftAudioKitTestUITests;
			productName = SwiftAudioKitTestUITests;
			productReference = 3A7FAFFD1CCAA11A008DD221 /* SwiftAudioKitTestUITests.xctest */;
			productType = "com.apple.product-type.bundle.ui-testing";
		};
/* End PBXNativeTarget section */

/* Begin PBXProject section */
		3A7FAFD61CCAA11A008DD221 /* Project object */ = {
			isa = PBXProject;
			attributes = {
				LastSwiftUpdateCheck = 0730;
				LastUpgradeCheck = 0730;
				ORGANIZATIONNAME = "Hans Tutschku";
				TargetAttributes = {
					3A7FAFDD1CCAA11A008DD221 = {
						CreatedOnToolsVersion = 7.3;
					};
					3A7FAFF11CCAA11A008DD221 = {
						CreatedOnToolsVersion = 7.3;
						TestTargetID = 3A7FAFDD1CCAA11A008DD221;
					};
					3A7FAFFC1CCAA11A008DD221 = {
						CreatedOnToolsVersion = 7.3;
						TestTargetID = 3A7FAFDD1CCAA11A008DD221;
					};
				};
			};
			buildConfigurationList = 3A7FAFD91CCAA11A008DD221 /* Build configuration list for PBXProject "SwiftAudioKitTest" */;
			compatibilityVersion = "Xcode 3.2";
			developmentRegion = English;
			hasScannedForEncodings = 0;
			knownRegions = (
				en,
				Base,
			);
			mainGroup = 3A7FAFD51CCAA11A008DD221;
			productRefGroup = 3A7FAFDF1CCAA11A008DD221 /* Products */;
			projectDirPath = "";
			projectRoot = "";
			targets = (
				3A7FAFDD1CCAA11A008DD221 /* SwiftAudioKitTest */,
				3A7FAFF11CCAA11A008DD221 /* SwiftAudioKitTestTests */,
				3A7FAFFC1CCAA11A008DD221 /* SwiftAudioKitTestUITests */,
			);
		};
/* End PBXProject section */

/* Begin PBXResourcesBuildPhase section */
		3A7FAFDC1CCAA11A008DD221 /* Resources */ = {
			isa = PBXResourcesBuildPhase;
			buildActionMask = 2147483647;
			files = (
				3A7FAFEC1CCAA11A008DD221 /* LaunchScreen.storyboard in Resources */,
				3A7FB0151CCAA588008DD221 /* a440.caf in Resources */,
				3A7FAFE91CCAA11A008DD221 /* Assets.xcassets in Resources */,
				3A7FB0181CCAAD98008DD221 /* voice-unrooted-076.caf in Resources */,
				3A7FAFE71CCAA11A008DD221 /* Main.storyboard in Resources */,
			);
			runOnlyForDeploymentPostprocessing = 0;
		};
		3A7FAFF01CCAA11A008DD221 /* Resources */ = {
			isa = PBXResourcesBuildPhase;
			buildActionMask = 2147483647;
			files = (
			);
			runOnlyForDeploymentPostprocessing = 0;
		};
		3A7FAFFB1CCAA11A008DD221 /* Resources */ = {
			isa = PBXResourcesBuildPhase;
			buildActionMask = 2147483647;
			files = (
			);
			runOnlyForDeploymentPostprocessing = 0;
		};
/* End PBXResourcesBuildPhase section */

/* Begin PBXSourcesBuildPhase section */
		3A7FAFDA1CCAA11A008DD221 /* Sources */ = {
			isa = PBXSourcesBuildPhase;
			buildActionMask = 2147483647;
			files = (
				3A7FAFE41CCAA11A008DD221 /* ViewController.swift in Sources */,
				3A7FB01A1CCACA83008DD221 /* AudioPlayerPool.swift in Sources */,
				3A7FAFE21CCAA11A008DD221 /* AppDelegate.swift in Sources */,
			);
			runOnlyForDeploymentPostprocessing = 0;
		};
		3A7FAFEE1CCAA11A008DD221 /* Sources */ = {
			isa = PBXSourcesBuildPhase;
			buildActionMask = 2147483647;
			files = (
				3A7FAFF71CCAA11A008DD221 /* SwiftAudioKitTestTests.swift in Sources */,
			);
			runOnlyForDeploymentPostprocessing = 0;
		};
		3A7FAFF91CCAA11A008DD221 /* Sources */ = {
			isa = PBXSourcesBuildPhase;
			buildActionMask = 2147483647;
			files = (
				3A7FB0021CCAA11A008DD221 /* SwiftAudioKitTestUITests.swift in Sources */,
			);
			runOnlyForDeploymentPostprocessing = 0;
		};
/* End PBXSourcesBuildPhase section */

/* Begin PBXTargetDependency section */
		3A7FAFF41CCAA11A008DD221 /* PBXTargetDependency */ = {
			isa = PBXTargetDependency;
			target = 3A7FAFDD1CCAA11A008DD221 /* SwiftAudioKitTest */;
			targetProxy = 3A7FAFF31CCAA11A008DD221 /* PBXContainerItemProxy */;
		};
		3A7FAFFF1CCAA11A008DD221 /* PBXTargetDependency */ = {
			isa = PBXTargetDependency;
			target = 3A7FAFDD1CCAA11A008DD221 /* SwiftAudioKitTest */;
			targetProxy = 3A7FAFFE1CCAA11A008DD221 /* PBXContainerItemProxy */;
		};
/* End PBXTargetDependency section */

/* Begin PBXVariantGroup section */
		3A7FAFE51CCAA11A008DD221 /* Main.storyboard */ = {
			isa = PBXVariantGroup;
			children = (
				3A7FAFE61CCAA11A008DD221 /* Base */,
			);
			name = Main.storyboard;
			sourceTree = "<group>";
		};
		3A7FAFEA1CCAA11A008DD221 /* LaunchScreen.storyboard */ = {
			isa = PBXVariantGroup;
			children = (
				3A7FAFEB1CCAA11A008DD221 /* Base */,
			);
			name = LaunchScreen.storyboard;
			sourceTree = "<group>";
		};
/* End PBXVariantGroup section */

/* Begin XCBuildConfiguration section */
		3A7FB0041CCAA11A008DD221 /* Debug */ = {
			isa = XCBuildConfiguration;
			buildSettings = {
				ALWAYS_SEARCH_USER_PATHS = NO;
				CLANG_ANALYZER_NONNULL = YES;
				CLANG_CXX_LANGUAGE_STANDARD = "gnu++0x";
				CLANG_CXX_LIBRARY = "libc++";
				CLANG_ENABLE_MODULES = YES;
				CLANG_ENABLE_OBJC_ARC = YES;
				CLANG_WARN_BOOL_CONVERSION = YES;
				CLANG_WARN_CONSTANT_CONVERSION = YES;
				CLANG_WARN_DIRECT_OBJC_ISA_USAGE = YES_ERROR;
				CLANG_WARN_EMPTY_BODY = YES;
				CLANG_WARN_ENUM_CONVERSION = YES;
				CLANG_WARN_INT_CONVERSION = YES;
				CLANG_WARN_OBJC_ROOT_CLASS = YES_ERROR;
				CLANG_WARN_UNREACHABLE_CODE = YES;
				CLANG_WARN__DUPLICATE_METHOD_MATCH = YES;
				"CODE_SIGN_IDENTITY[sdk=iphoneos*]" = "iPhone Developer";
				COPY_PHASE_STRIP = NO;
				DEBUG_INFORMATION_FORMAT = dwarf;
				ENABLE_STRICT_OBJC_MSGSEND = YES;
				ENABLE_TESTABILITY = YES;
				GCC_C_LANGUAGE_STANDARD = gnu99;
				GCC_DYNAMIC_NO_PIC = NO;
				GCC_NO_COMMON_BLOCKS = YES;
				GCC_OPTIMIZATION_LEVEL = 0;
				GCC_PREPROCESSOR_DEFINITIONS = (
					"DEBUG=1",
					"$(inherited)",
				);
				GCC_WARN_64_TO_32_BIT_CONVERSION = YES;
				GCC_WARN_ABOUT_RETURN_TYPE = YES_ERROR;
				GCC_WARN_UNDECLARED_SELECTOR = YES;
				GCC_WARN_UNINITIALIZED_AUTOS = YES_AGGRESSIVE;
				GCC_WARN_UNUSED_FUNCTION = YES;
				GCC_WARN_UNUSED_VARIABLE = YES;
				IPHONEOS_DEPLOYMENT_TARGET = 9.3;
				MTL_ENABLE_DEBUG_INFO = YES;
				ONLY_ACTIVE_ARCH = YES;
				SDKROOT = iphoneos;
				SWIFT_OPTIMIZATION_LEVEL = "-Onone";
				TARGETED_DEVICE_FAMILY = "1,2";
			};
			name = Debug;
		};
		3A7FB0051CCAA11A008DD221 /* Release */ = {
			isa = XCBuildConfiguration;
			buildSettings = {
				ALWAYS_SEARCH_USER_PATHS = NO;
				CLANG_ANALYZER_NONNULL = YES;
				CLANG_CXX_LANGUAGE_STANDARD = "gnu++0x";
				CLANG_CXX_LIBRARY = "libc++";
				CLANG_ENABLE_MODULES = YES;
				CLANG_ENABLE_OBJC_ARC = YES;
				CLANG_WARN_BOOL_CONVERSION = YES;
				CLANG_WARN_CONSTANT_CONVERSION = YES;
				CLANG_WARN_DIRECT_OBJC_ISA_USAGE = YES_ERROR;
				CLANG_WARN_EMPTY_BODY = YES;
				CLANG_WARN_ENUM_CONVERSION = YES;
				CLANG_WARN_INT_CONVERSION = YES;
				CLANG_WARN_OBJC_ROOT_CLASS = YES_ERROR;
				CLANG_WARN_UNREACHABLE_CODE = YES;
				CLANG_WARN__DUPLICATE_METHOD_MATCH = YES;
				"CODE_SIGN_IDENTITY[sdk=iphoneos*]" = "iPhone Developer";
				COPY_PHASE_STRIP = NO;
				DEBUG_INFORMATION_FORMAT = "dwarf-with-dsym";
				ENABLE_NS_ASSERTIONS = NO;
				ENABLE_STRICT_OBJC_MSGSEND = YES;
				GCC_C_LANGUAGE_STANDARD = gnu99;
				GCC_NO_COMMON_BLOCKS = YES;
				GCC_WARN_64_TO_32_BIT_CONVERSION = YES;
				GCC_WARN_ABOUT_RETURN_TYPE = YES_ERROR;
				GCC_WARN_UNDECLARED_SELECTOR = YES;
				GCC_WARN_UNINITIALIZED_AUTOS = YES_AGGRESSIVE;
				GCC_WARN_UNUSED_FUNCTION = YES;
				GCC_WARN_UNUSED_VARIABLE = YES;
				IPHONEOS_DEPLOYMENT_TARGET = 9.3;
				MTL_ENABLE_DEBUG_INFO = NO;
				SDKROOT = iphoneos;
				TARGETED_DEVICE_FAMILY = "1,2";
				VALIDATE_PRODUCT = YES;
			};
			name = Release;
		};
		3A7FB0071CCAA11A008DD221 /* Debug */ = {
			isa = XCBuildConfiguration;
			buildSettings = {
				ASSETCATALOG_COMPILER_APPICON_NAME = AppIcon;
				FRAMEWORK_SEARCH_PATHS = (
					"$(inherited)",
					"$(PROJECT_DIR)",
				);
				INFOPLIST_FILE = SwiftAudioKitTest/Info.plist;
				LD_RUNPATH_SEARCH_PATHS = "$(inherited) @executable_path/Frameworks";
				PRODUCT_BUNDLE_IDENTIFIER = com.tutschku.test.SwiftAudioKitTest;
				PRODUCT_NAME = "$(TARGET_NAME)";
			};
			name = Debug;
		};
		3A7FB0081CCAA11A008DD221 /* Release */ = {
			isa = XCBuildConfiguration;
			buildSettings = {
				ASSETCATALOG_COMPILER_APPICON_NAME = AppIcon;
				FRAMEWORK_SEARCH_PATHS = (
					"$(inherited)",
					"$(PROJECT_DIR)",
				);
				INFOPLIST_FILE = SwiftAudioKitTest/Info.plist;
				LD_RUNPATH_SEARCH_PATHS = "$(inherited) @executable_path/Frameworks";
				PRODUCT_BUNDLE_IDENTIFIER = com.tutschku.test.SwiftAudioKitTest;
				PRODUCT_NAME = "$(TARGET_NAME)";
			};
			name = Release;
		};
		3A7FB00A1CCAA11A008DD221 /* Debug */ = {
			isa = XCBuildConfiguration;
			buildSettings = {
				BUNDLE_LOADER = "$(TEST_HOST)";
				INFOPLIST_FILE = SwiftAudioKitTestTests/Info.plist;
				LD_RUNPATH_SEARCH_PATHS = "$(inherited) @executable_path/Frameworks @loader_path/Frameworks";
				PRODUCT_BUNDLE_IDENTIFIER = com.tutschku.test.SwiftAudioKitTestTests;
				PRODUCT_NAME = "$(TARGET_NAME)";
				TEST_HOST = "$(BUILT_PRODUCTS_DIR)/SwiftAudioKitTest.app/SwiftAudioKitTest";
			};
			name = Debug;
		};
		3A7FB00B1CCAA11A008DD221 /* Release */ = {
			isa = XCBuildConfiguration;
			buildSettings = {
				BUNDLE_LOADER = "$(TEST_HOST)";
				INFOPLIST_FILE = SwiftAudioKitTestTests/Info.plist;
				LD_RUNPATH_SEARCH_PATHS = "$(inherited) @executable_path/Frameworks @loader_path/Frameworks";
				PRODUCT_BUNDLE_IDENTIFIER = com.tutschku.test.SwiftAudioKitTestTests;
				PRODUCT_NAME = "$(TARGET_NAME)";
				TEST_HOST = "$(BUILT_PRODUCTS_DIR)/SwiftAudioKitTest.app/SwiftAudioKitTest";
			};
			name = Release;
		};
		3A7FB00D1CCAA11A008DD221 /* Debug */ = {
			isa = XCBuildConfiguration;
			buildSettings = {
				INFOPLIST_FILE = SwiftAudioKitTestUITests/Info.plist;
				LD_RUNPATH_SEARCH_PATHS = "$(inherited) @executable_path/Frameworks @loader_path/Frameworks";
				PRODUCT_BUNDLE_IDENTIFIER = com.tutschku.test.SwiftAudioKitTestUITests;
				PRODUCT_NAME = "$(TARGET_NAME)";
				TEST_TARGET_NAME = SwiftAudioKitTest;
			};
			name = Debug;
		};
		3A7FB00E1CCAA11A008DD221 /* Release */ = {
			isa = XCBuildConfiguration;
			buildSettings = {
				INFOPLIST_FILE = SwiftAudioKitTestUITests/Info.plist;
				LD_RUNPATH_SEARCH_PATHS = "$(inherited) @executable_path/Frameworks @loader_path/Frameworks";
				PRODUCT_BUNDLE_IDENTIFIER = com.tutschku.test.SwiftAudioKitTestUITests;
				PRODUCT_NAME = "$(TARGET_NAME)";
				TEST_TARGET_NAME = SwiftAudioKitTest;
			};
			name = Release;
		};
/* End XCBuildConfiguration section */

/* Begin XCConfigurationList section */
		3A7FAFD91CCAA11A008DD221 /* Build configuration list for PBXProject "SwiftAudioKitTest" */ = {
			isa = XCConfigurationList;
			buildConfigurations = (
				3A7FB0041CCAA11A008DD221 /* Debug */,
				3A7FB0051CCAA11A008DD221 /* Release */,
			);
			defaultConfigurationIsVisible = 0;
			defaultConfigurationName = Release;
		};
		3A7FB0061CCAA11A008DD221 /* Build configuration list for PBXNativeTarget "SwiftAudioKitTest" */ = {
			isa = XCConfigurationList;
			buildConfigurations = (
				3A7FB0071CCAA11A008DD221 /* Debug */,
				3A7FB0081CCAA11A008DD221 /* Release */,
			);
			defaultConfigurationIsVisible = 0;
		};
		3A7FB0091CCAA11A008DD221 /* Build configuration list for PBXNativeTarget "SwiftAudioKitTestTests" */ = {
			isa = XCConfigurationList;
			buildConfigurations = (
				3A7FB00A1CCAA11A008DD221 /* Debug */,
				3A7FB00B1CCAA11A008DD221 /* Release */,
			);
			defaultConfigurationIsVisible = 0;
		};
		3A7FB00C1CCAA11A008DD221 /* Build configuration list for PBXNativeTarget "SwiftAudioKitTestUITests" */ = {
			isa = XCConfigurationList;
			buildConfigurations = (
				3A7FB00D1CCAA11A008DD221 /* Debug */,
				3A7FB00E1CCAA11A008DD221 /* Release */,
			);
			defaultConfigurationIsVisible = 0;
		};
/* End XCConfigurationList section */
	};
	rootObject = 3A7FAFD61CCAA11A008DD221 /* Project object */;
}
